// !$*UTF8*$!
{
	archiveVersion = 1;
	classes = {
	};
	objectVersion = 48;
	objects = {

/* Begin PBXBuildFile section */
		EF3F62941F80FDB900D9C24C /* AppDelegate.swift in Sources */ = {isa = PBXBuildFile; fileRef = EF3F62931F80FDB900D9C24C /* AppDelegate.swift */; };
		EF3F62961F80FDB900D9C24C /* ViewController.swift in Sources */ = {isa = PBXBuildFile; fileRef = EF3F62951F80FDB900D9C24C /* ViewController.swift */; };
		EF3F62991F80FDB900D9C24C /* Main.storyboard in Resources */ = {isa = PBXBuildFile; fileRef = EF3F62971F80FDB900D9C24C /* Main.storyboard */; };
		EF3F629B1F80FDB900D9C24C /* Assets.xcassets in Resources */ = {isa = PBXBuildFile; fileRef = EF3F629A1F80FDB900D9C24C /* Assets.xcassets */; };
		EF3F629E1F80FDB900D9C24C /* LaunchScreen.storyboard in Resources */ = {isa = PBXBuildFile; fileRef = EF3F629C1F80FDB900D9C24C /* LaunchScreen.storyboard */; };
		EF3F62A61F80FDFE00D9C24C /* CalculatorBrain.swift in Sources */ = {isa = PBXBuildFile; fileRef = EF3F62A51F80FDFE00D9C24C /* CalculatorBrain.swift */; };
/* End PBXBuildFile section */

/* Begin PBXFileReference section */
		EF3F62901F80FDB800D9C24C /* CalcHard.app */ = {isa = PBXFileReference; explicitFileType = wrapper.application; includeInIndex = 0; path = CalcHard.app; sourceTree = BUILT_PRODUCTS_DIR; };
		EF3F62931F80FDB900D9C24C /* AppDelegate.swift */ = {isa = PBXFileReference; lastKnownFileType = sourcecode.swift; path = AppDelegate.swift; sourceTree = "<group>"; };
		EF3F62951F80FDB900D9C24C /* ViewController.swift */ = {isa = PBXFileReference; lastKnownFileType = sourcecode.swift; path = ViewController.swift; sourceTree = "<group>"; };
		EF3F62981F80FDB900D9C24C /* Base */ = {isa = PBXFileReference; lastKnownFileType = file.storyboard; name = Base; path = Base.lproj/Main.storyboard; sourceTree = "<group>"; };
		EF3F629A1F80FDB900D9C24C /* Assets.xcassets */ = {isa = PBXFileReference; lastKnownFileType = folder.assetcatalog; path = Assets.xcassets; sourceTree = "<group>"; };
		EF3F629D1F80FDB900D9C24C /* Base */ = {isa = PBXFileReference; lastKnownFileType = file.storyboard; name = Base; path = Base.lproj/LaunchScreen.storyboard; sourceTree = "<group>"; };
		EF3F629F1F80FDB900D9C24C /* Info.plist */ = {isa = PBXFileReference; lastKnownFileType = text.plist.xml; path = Info.plist; sourceTree = "<group>"; };
		EF3F62A51F80FDFE00D9C24C /* CalculatorBrain.swift */ = {isa = PBXFileReference; lastKnownFileType = sourcecode.swift; path = CalculatorBrain.swift; sourceTree = "<group>"; };
/* End PBXFileReference section */

/* Begin PBXFrameworksBuildPhase section */
		EF3F628D1F80FDB800D9C24C /* Frameworks */ = {
			isa = PBXFrameworksBuildPhase;
			buildActionMask = 2147483647;
			files = (
			);
			runOnlyForDeploymentPostprocessing = 0;
		};
/* End PBXFrameworksBuildPhase section */

/* Begin PBXGroup section */
		EF3F62871F80FDB800D9C24C = {
			isa = PBXGroup;
			children = (
				EF3F62921F80FDB900D9C24C /* CalcHard */,
				EF3F62911F80FDB800D9C24C /* Products */,
			);
			sourceTree = "<group>";
		};
		EF3F62911F80FDB800D9C24C /* Products */ = {
			isa = PBXGroup;
			children = (
				EF3F62901F80FDB800D9C24C /* CalcHard.app */,
			);
			name = Products;
			sourceTree = "<group>";
		};
		EF3F62921F80FDB900D9C24C /* CalcHard */ = {
			isa = PBXGroup;
			children = (
				EF3F62931F80FDB900D9C24C /* AppDelegate.swift */,
				EF3F62951F80FDB900D9C24C /* ViewController.swift */,
				EF3F62971F80FDB900D9C24C /* Main.storyboard */,
				EF3F62A51F80FDFE00D9C24C /* CalculatorBrain.swift */,
				EF3F629A1F80FDB900D9C24C /* Assets.xcassets */,
				EF3F629C1F80FDB900D9C24C /* LaunchScreen.storyboard */,
				EF3F629F1F80FDB900D9C24C /* Info.plist */,
			);
			path = CalcHard;
			sourceTree = "<group>";
		};
/* End PBXGroup section */

/* Begin PBXNativeTarget section */
		EF3F628F1F80FDB800D9C24C /* CalcHard */ = {
			isa = PBXNativeTarget;
			buildConfigurationList = EF3F62A21F80FDB900D9C24C /* Build configuration list for PBXNativeTarget "CalcHard" */;
			buildPhases = (
				EF3F628C1F80FDB800D9C24C /* Sources */,
				EF3F628D1F80FDB800D9C24C /* Frameworks */,
				EF3F628E1F80FDB800D9C24C /* Resources */,
			);
			buildRules = (
			);
			dependencies = (
			);
			name = CalcHard;
			productName = CalcHard;
			productReference = EF3F62901F80FDB800D9C24C /* CalcHard.app */;
			productType = "com.apple.product-type.application";
		};
/* End PBXNativeTarget section */

/* Begin PBXProject section */
		EF3F62881F80FDB800D9C24C /* Project object */ = {
			isa = PBXProject;
			attributes = {
				LastSwiftUpdateCheck = 0900;
				LastUpgradeCheck = 0900;
				ORGANIZATIONNAME = "Alex Hannigan";
				TargetAttributes = {
					EF3F628F1F80FDB800D9C24C = {
						CreatedOnToolsVersion = 9.0;
						ProvisioningStyle = Automatic;
					};
				};
			};
			buildConfigurationList = EF3F628B1F80FDB800D9C24C /* Build configuration list for PBXProject "CalcHard" */;
			compatibilityVersion = "Xcode 8.0";
			developmentRegion = en;
			hasScannedForEncodings = 0;
			knownRegions = (
				en,
				Base,
			);
			mainGroup = EF3F62871F80FDB800D9C24C;
			productRefGroup = EF3F62911F80FDB800D9C24C /* Products */;
			projectDirPath = "";
			projectRoot = "";
			targets = (
				EF3F628F1F80FDB800D9C24C /* CalcHard */,
			);
		};
/* End PBXProject section */

/* Begin PBXResourcesBuildPhase section */
		EF3F628E1F80FDB800D9C24C /* Resources */ = {
			isa = PBXResourcesBuildPhase;
			buildActionMask = 2147483647;
			files = (
				EF3F629E1F80FDB900D9C24C /* LaunchScreen.storyboard in Resources */,
				EF3F629B1F80FDB900D9C24C /* Assets.xcassets in Resources */,
				EF3F62991F80FDB900D9C24C /* Main.storyboard in Resources */,
			);
			runOnlyForDeploymentPostprocessing = 0;
		};
/* End PBXResourcesBuildPhase section */

/* Begin PBXSourcesBuildPhase section */
		EF3F628C1F80FDB800D9C24C /* Sources */ = {
			isa = PBXSourcesBuildPhase;
			buildActionMask = 2147483647;
			files = (
				EF3F62A61F80FDFE00D9C24C /* CalculatorBrain.swift in Sources */,
				EF3F62961F80FDB900D9C24C /* ViewController.swift in Sources */,
				EF3F62941F80FDB900D9C24C /* AppDelegate.swift in Sources */,
			);
			runOnlyForDeploymentPostprocessing = 0;
		};
/* End PBXSourcesBuildPhase section */

/* Begin PBXVariantGroup section */
		EF3F62971F80FDB900D9C24C /* Main.storyboard */ = {
			isa = PBXVariantGroup;
			children = (
				EF3F62981F80FDB900D9C24C /* Base */,
			);
			name = Main.storyboard;
			sourceTree = "<group>";
		};
		EF3F629C1F80FDB900D9C24C /* LaunchScreen.storyboard */ = {
			isa = PBXVariantGroup;
			children = (
				EF3F629D1F80FDB900D9C24C /* Base */,
			);
			name = LaunchScreen.storyboard;
			sourceTree = "<group>";
		};
/* End PBXVariantGroup section */

/* Begin XCBuildConfiguration section */
		EF3F62A01F80FDB900D9C24C /* Debug */ = {
			isa = XCBuildConfiguration;
			buildSettings = {
				ALWAYS_SEARCH_USER_PATHS = NO;
				CLANG_ANALYZER_NONNULL = YES;
				CLANG_ANALYZER_NUMBER_OBJECT_CONVERSION = YES_AGGRESSIVE;
				CLANG_CXX_LANGUAGE_STANDARD = "gnu++14";
				CLANG_CXX_LIBRARY = "libc++";
				CLANG_ENABLE_MODULES = YES;
				CLANG_ENABLE_OBJC_ARC = YES;
				CLANG_WARN_BLOCK_CAPTURE_AUTORELEASING = YES;
				CLANG_WARN_BOOL_CONVERSION = YES;
				CLANG_WARN_COMMA = YES;
				CLANG_WARN_CONSTANT_CONVERSION = YES;
				CLANG_WARN_DIRECT_OBJC_ISA_USAGE = YES_ERROR;
				CLANG_WARN_DOCUMENTATION_COMMENTS = YES;
				CLANG_WARN_EMPTY_BODY = YES;
				CLANG_WARN_ENUM_CONVERSION = YES;
				CLANG_WARN_INFINITE_RECURSION = YES;
				CLANG_WARN_INT_CONVERSION = YES;
				CLANG_WARN_NON_LITERAL_NULL_CONVERSION = YES;
				CLANG_WARN_OBJC_LITERAL_CONVERSION = YES;
				CLANG_WARN_OBJC_ROOT_CLASS = YES_ERROR;
				CLANG_WARN_RANGE_LOOP_ANALYSIS = YES;
				CLANG_WARN_STRICT_PROTOTYPES = YES;
				CLANG_WARN_SUSPICIOUS_MOVE = YES;
				CLANG_WARN_UNGUARDED_AVAILABILITY = YES_AGGRESSIVE;
				CLANG_WARN_UNREACHABLE_CODE = YES;
				CLANG_WARN__DUPLICATE_METHOD_MATCH = YES;
				CODE_SIGN_IDENTITY = "iPhone Developer";
				COPY_PHASE_STRIP = NO;
				DEBUG_INFORMATION_FORMAT = dwarf;
				ENABLE_STRICT_OBJC_MSGSEND = YES;
				ENABLE_TESTABILITY = YES;
				GCC_C_LANGUAGE_STANDARD = gnu11;
				GCC_DYNAMIC_NO_PIC = NO;
				GCC_NO_COMMON_BLOCKS = YES;
				GCC_OPTIMIZATION_LEVEL = 0;
				GCC_PREPROCESSOR_DEFINITIONS = (
					"DEBUG=1",
					"$(inherited)",
				);
				GCC_WARN_64_TO_32_BIT_CONVERSION = YES;
				GCC_WARN_ABOUT_RETURN_TYPE = YES_ERROR;
				GCC_WARN_UNDECLARED_SELECTOR = YES;
				GCC_WARN_UNINITIALIZED_AUTOS = YES_AGGRESSIVE;
				GCC_WARN_UNUSED_FUNCTION = YES;
				GCC_WARN_UNUSED_VARIABLE = YES;
				IPHONEOS_DEPLOYMENT_TARGET = 11.0;
				MTL_ENABLE_DEBUG_INFO = YES;
				ONLY_ACTIVE_ARCH = YES;
				SDKROOT = iphoneos;
				SWIFT_ACTIVE_COMPILATION_CONDITIONS = DEBUG;
				SWIFT_OPTIMIZATION_LEVEL = "-Onone";
			};
			name = Debug;
		};
		EF3F62A11F80FDB900D9C24C /* Release */ = {
			isa = XCBuildConfiguration;
			buildSettings = {
				ALWAYS_SEARCH_USER_PATHS = NO;
				CLANG_ANALYZER_NONNULL = YES;
				CLANG_ANALYZER_NUMBER_OBJECT_CONVERSION = YES_AGGRESSIVE;
				CLANG_CXX_LANGUAGE_STANDARD = "gnu++14";
				CLANG_CXX_LIBRARY = "libc++";
				CLANG_ENABLE_MODULES = YES;
				CLANG_ENABLE_OBJC_ARC = YES;
				CLANG_WARN_BLOCK_CAPTURE_AUTORELEASING = YES;
				CLANG_WARN_BOOL_CONVERSION = YES;
				CLANG_WARN_COMMA = YES;
				CLANG_WARN_CONSTANT_CONVERSION = YES;
				CLANG_WARN_DIRECT_OBJC_ISA_USAGE = YES_ERROR;
				CLANG_WARN_DOCUMENTATION_COMMENTS = YES;
				CLANG_WARN_EMPTY_BODY = YES;
				CLANG_WARN_ENUM_CONVERSION = YES;
				CLANG_WARN_INFINITE_RECURSION = YES;
				CLANG_WARN_INT_CONVERSION = YES;
				CLANG_WARN_NON_LITERAL_NULL_CONVERSION = YES;
				CLANG_WARN_OBJC_LITERAL_CONVERSION = YES;
				CLANG_WARN_OBJC_ROOT_CLASS = YES_ERROR;
				CLANG_WARN_RANGE_LOOP_ANALYSIS = YES;
				CLANG_WARN_STRICT_PROTOTYPES = YES;
				CLANG_WARN_SUSPICIOUS_MOVE = YES;
				CLANG_WARN_UNGUARDED_AVAILABILITY = YES_AGGRESSIVE;
				CLANG_WARN_UNREACHABLE_CODE = YES;
				CLANG_WARN__DUPLICATE_METHOD_MATCH = YES;
				CODE_SIGN_IDENTITY = "iPhone Developer";
				COPY_PHASE_STRIP = NO;
				DEBUG_INFORMATION_FORMAT = "dwarf-with-dsym";
				ENABLE_NS_ASSERTIONS = NO;
				ENABLE_STRICT_OBJC_MSGSEND = YES;
				GCC_C_LANGUAGE_STANDARD = gnu11;
				GCC_NO_COMMON_BLOCKS = YES;
				GCC_WARN_64_TO_32_BIT_CONVERSION = YES;
				GCC_WARN_ABOUT_RETURN_TYPE = YES_ERROR;
				GCC_WARN_UNDECLARED_SELECTOR = YES;
				GCC_WARN_UNINITIALIZED_AUTOS = YES_AGGRESSIVE;
				GCC_WARN_UNUSED_FUNCTION = YES;
				GCC_WARN_UNUSED_VARIABLE = YES;
				IPHONEOS_DEPLOYMENT_TARGET = 11.0;
				MTL_ENABLE_DEBUG_INFO = NO;
				SDKROOT = iphoneos;
				SWIFT_OPTIMIZATION_LEVEL = "-Owholemodule";
				VALIDATE_PRODUCT = YES;
			};
			name = Release;
		};
		EF3F62A31F80FDB900D9C24C /* Debug */ = {
			isa = XCBuildConfiguration;
			buildSettings = {
				ASSETCATALOG_COMPILER_APPICON_NAME = AppIcon;
				CODE_SIGN_STYLE = Automatic;
				DEVELOPMENT_TEAM = V2M7F5MPLN;
				INFOPLIST_FILE = CalcHard/Info.plist;
				LD_RUNPATH_SEARCH_PATHS = "$(inherited) @executable_path/Frameworks";
				PRODUCT_BUNDLE_IDENTIFIER = com.hannigan.CalcHard;
				PRODUCT_NAME = "$(TARGET_NAME)";
				SWIFT_VERSION = 4.0;
				TARGETED_DEVICE_FAMILY = "1,2";
			};
			name = Debug;
		};
		EF3F62A41F80FDB900D9C24C /* Release */ = {
			isa = XCBuildConfiguration;
			buildSettings = {
				ASSETCATALOG_COMPILER_APPICON_NAME = AppIcon;
				CODE_SIGN_STYLE = Automatic;
				DEVELOPMENT_TEAM = V2M7F5MPLN;
				INFOPLIST_FILE = CalcHard/Info.plist;
				LD_RUNPATH_SEARCH_PATHS = "$(inherited) @executable_path/Frameworks";
				PRODUCT_BUNDLE_IDENTIFIER = com.hannigan.CalcHard;
				PRODUCT_NAME = "$(TARGET_NAME)";
				SWIFT_VERSION = 4.0;
				TARGETED_DEVICE_FAMILY = "1,2";
			};
			name = Release;
		};
/* End XCBuildConfiguration section */

/* Begin XCConfigurationList section */
		EF3F628B1F80FDB800D9C24C /* Build configuration list for PBXProject "CalcHard" */ = {
			isa = XCConfigurationList;
			buildConfigurations = (
				EF3F62A01F80FDB900D9C24C /* Debug */,
				EF3F62A11F80FDB900D9C24C /* Release */,
			);
			defaultConfigurationIsVisible = 0;
			defaultConfigurationName = Release;
		};
		EF3F62A21F80FDB900D9C24C /* Build configuration list for PBXNativeTarget "CalcHard" */ = {
			isa = XCConfigurationList;
			buildConfigurations = (
				EF3F62A31F80FDB900D9C24C /* Debug */,
				EF3F62A41F80FDB900D9C24C /* Release */,
			);
			defaultConfigurationIsVisible = 0;
			defaultConfigurationName = Release;
		};
/* End XCConfigurationList section */
	};
	rootObject = EF3F62881F80FDB800D9C24C /* Project object */;
}
